# This file is automatically @generated by Poetry 2.1.2 and should not be changed by hand.

[[package]]
name = "dependency-injector"
version = "4.46.0"
description = "Dependency injection framework for Python"
optional = false
python-versions = ">=3.7"
groups = ["main"]
files = [
    {file = "dependency_injector-4.46.0-cp310-cp310-macosx_11_0_arm64.whl", hash = "sha256:b4f76281e46f64a3ceee193641d26e4db5916f71341204345a7a2d760098938f"},
    {file = "dependency_injector-4.46.0-cp310-cp310-manylinux_2_17_aarch64.manylinux2014_aarch64.whl", hash = "sha256:fece22755cf5e830247c2169b4c43fb6d28a4789ab70adb4f70da22c9a8039ef"},
    {file = "dependency_injector-4.46.0-cp310-cp310-manylinux_2_17_x86_64.manylinux2014_x86_64.whl", hash = "sha256:86692db0c99d5218acada19884554325adb276160c01866a6315c839d2cbb719"},
    {file = "dependency_injector-4.46.0-cp310-cp310-manylinux_2_5_i686.manylinux1_i686.manylinux_2_17_i686.manylinux2014_i686.whl", hash = "sha256:1ccbc18122a3f77e920f5709cb0a4dce6d4667fd884cb0d62c038b5065d77e41"},
    {file = "dependency_injector-4.46.0-cp310-cp310-musllinux_1_2_aarch64.whl", hash = "sha256:c0bca3b5fe7e5743cbe5a24556b019d08a7619838afc0b73468a044574a0d0a8"},
    {file = "dependency_injector-4.46.0-cp310-cp310-musllinux_1_2_i686.whl", hash = "sha256:2b26fcb1f59b4f61dd0bd112b1be5621d170c2c9ac39540f681eb7b0241ae650"},
    {file = "dependency_injector-4.46.0-cp310-cp310-musllinux_1_2_x86_64.whl", hash = "sha256:47445b2720444c8d4b78929417c78b6975bbccf092168bac8479c37ab2047499"},
    {file = "dependency_injector-4.46.0-cp310-cp310-win32.whl", hash = "sha256:78f31ccd691e136bbec8f5eecd3046fabff5a9c9f152965fac0e1ac32175590b"},
    {file = "dependency_injector-4.46.0-cp310-cp310-win_amd64.whl", hash = "sha256:9736b88441831e4afd7e904569a14c611415fc3f41083017ee629c469c1c761d"},
    {file = "dependency_injector-4.46.0-cp311-cp311-macosx_11_0_arm64.whl", hash = "sha256:ece07b8e5545fb474eddf7703f7e189f27afcec27d14d601911aced6bb828c5a"},
    {file = "dependency_injector-4.46.0-cp311-cp311-manylinux_2_17_aarch64.manylinux2014_aarch64.whl", hash = "sha256:0a5c03cdcae214c329b88cd50c0b91098384013a07a6977600db025cd80e0311"},
    {file = "dependency_injector-4.46.0-cp311-cp311-manylinux_2_17_x86_64.manylinux2014_x86_64.whl", hash = "sha256:1781dc7a21726d48da3c5ff00bc8a84aac0bc206bff7c676842773d87018ebe0"},
    {file = "dependency_injector-4.46.0-cp311-cp311-manylinux_2_5_i686.manylinux1_i686.manylinux_2_17_i686.manylinux2014_i686.whl", hash = "sha256:5a5fc167fb296a6502566e7faee39438437a21a8a099903dc15cb1709dce8123"},
    {file = "dependency_injector-4.46.0-cp311-cp311-musllinux_1_2_aarch64.whl", hash = "sha256:2ec104a9664ca633bdc23e13710f11fb2d0e3afbb9fac2460200f9b130d7a316"},
    {file = "dependency_injector-4.46.0-cp311-cp311-musllinux_1_2_i686.whl", hash = "sha256:7407fa315d10bf6fd90deb2e9c631f4a11a9f09a4a862fac6c6962332c6b4c23"},
    {file = "dependency_injector-4.46.0-cp311-cp311-musllinux_1_2_x86_64.whl", hash = "sha256:16d3c026765317f57a85521690f7fbd94ac28594a29a50514fef1f156df0f9fa"},
    {file = "dependency_injector-4.46.0-cp311-cp311-win32.whl", hash = "sha256:935790394b165aacebab998cd0f8a23a0f36af7a065beed1d2fe46f9c734d812"},
    {file = "dependency_injector-4.46.0-cp311-cp311-win_amd64.whl", hash = "sha256:101a6462bed57129c551872aea177bae2ffec94348eaa198f721957f19718b3c"},
    {file = "dependency_injector-4.46.0-cp312-cp312-macosx_11_0_arm64.whl", hash = "sha256:e8aa252a555cb7fc9b22c31821c5c94e5ac57460db57a12ff5cd4e59ff695f83"},
    {file = "dependency_injector-4.46.0-cp312-cp312-manylinux_2_17_aarch64.manylinux2014_aarch64.whl", hash = "sha256:71749472618f82f966f9fafde212ef1b2316bdd7afde4c48cdc6d6f961685793"},
    {file = "dependency_injector-4.46.0-cp312-cp312-manylinux_2_17_x86_64.manylinux2014_x86_64.whl", hash = "sha256:66733ee93317d97a2e1c2ef27da3bacea6d4521fcb441524c7a7a66fe038c071"},
    {file = "dependency_injector-4.46.0-cp312-cp312-manylinux_2_5_i686.manylinux1_i686.manylinux_2_17_i686.manylinux2014_i686.whl", hash = "sha256:155ac135f8a556e087622067edbb1fb04ae0590b08649e0fc366ed7f3e8d7598"},
    {file = "dependency_injector-4.46.0-cp312-cp312-musllinux_1_2_aarch64.whl", hash = "sha256:dd6d39f7464420303e0b6e04df9e81c246dbfc2f7f89b12445bfe26fcf91dcd7"},
    {file = "dependency_injector-4.46.0-cp312-cp312-musllinux_1_2_i686.whl", hash = "sha256:337279da82e39f6e70c9e7bff507bc16ac6e6cf815711708f064f7104a5037af"},
    {file = "dependency_injector-4.46.0-cp312-cp312-musllinux_1_2_x86_64.whl", hash = "sha256:5f37540062a0dea5bee1fb0756022327656af1d21de3b1dd583afdd5293ac6d2"},
    {file = "dependency_injector-4.46.0-cp312-cp312-win32.whl", hash = "sha256:4a4e67a7994b882806030e5257243164b9ddfe24c09210b44fc5b5fca4effaf5"},
    {file = "dependency_injector-4.46.0-cp312-cp312-win_amd64.whl", hash = "sha256:3b24c85ba7a7d5883b91ad8a8150c40f9c2c3335971646fe67ef5ea6045715b1"},
    {file = "dependency_injector-4.46.0-cp313-cp313-macosx_11_0_arm64.whl", hash = "sha256:6e7704d6286f4371dff5db56c124c1eac22922ecac7c9e96ef87a3842c21b9e2"},
    {file = "dependency_injector-4.46.0-cp313-cp313-manylinux_2_17_aarch64.manylinux2014_aarch64.whl", hash = "sha256:3dcc19b41f78a62bb1c566c1885bba34a9228e51b65d993f3ac3b192935c48de"},
    {file = "dependency_injector-4.46.0-cp313-cp313-manylinux_2_17_x86_64.manylinux2014_x86_64.whl", hash = "sha256:4732b68af723a1ce014540b7662cbf53388608600add34b558d32f698504de95"},
    {file = "dependency_injector-4.46.0-cp313-cp313-manylinux_2_5_i686.manylinux1_i686.manylinux_2_17_i686.manylinux2014_i686.whl", hash = "sha256:02be5d2c6309a514b5164c05b8be7357a763bd42c503960d40c346dbf1f47faa"},
    {file = "dependency_injector-4.46.0-cp313-cp313-musllinux_1_2_aarch64.whl", hash = "sha256:538b039bb11ec95edd993a8bf1862166ab299fc0fe44d8cbde37d4b0c2676267"},
    {file = "dependency_injector-4.46.0-cp313-cp313-musllinux_1_2_i686.whl", hash = "sha256:b5302b31ec9327421a4f311d9839f1d639b6419a0dbe3f11af15e2728cb46073"},
    {file = "dependency_injector-4.46.0-cp313-cp313-musllinux_1_2_x86_64.whl", hash = "sha256:a7838e1e1ca35b88ba456484a9c28107197b208144042d2bba6435429dc84c27"},
    {file = "dependency_injector-4.46.0-cp313-cp313-win32.whl", hash = "sha256:e201905263b08e7fa52aac92596be45b76739218c799790d9687e33dd62aed60"},
    {file = "dependency_injector-4.46.0-cp313-cp313-win_amd64.whl", hash = "sha256:360c0ece97c37ddb1742028f7b96081d3331f37dfeb96a5514827fc65ddbead4"},
    {file = "dependency_injector-4.46.0-cp37-cp37m-manylinux_2_17_aarch64.manylinux2014_aarch64.whl", hash = "sha256:d219da92ed5674d3499adad20440e1a45e7ec3a163d3fef2f29fbf1ed0cf35da"},
    {file = "dependency_injector-4.46.0-cp37-cp37m-manylinux_2_17_x86_64.manylinux2014_x86_64.whl", hash = "sha256:aa7bc678532f2dd09d58750a903097f649e879e6d60952aef1f21d40e26f48bd"},
    {file = "dependency_injector-4.46.0-cp37-cp37m-manylinux_2_5_i686.manylinux1_i686.manylinux_2_17_i686.manylinux2014_i686.whl", hash = "sha256:921903c779187df906d6cdab313565c26bb440776e83e8f3ec61747da69cf0a5"},
    {file = "dependency_injector-4.46.0-cp37-cp37m-musllinux_1_2_aarch64.whl", hash = "sha256:70f40c18c8214bf967e0b90a4bffd7d0092134c75c98751e4eb4d782dc503a43"},
    {file = "dependency_injector-4.46.0-cp37-cp37m-musllinux_1_2_i686.whl", hash = "sha256:3c601bac21b09e8d3d21d78e7d218a80d70b76c824ce573c0a038a97b7755de6"},
    {file = "dependency_injector-4.46.0-cp37-cp37m-musllinux_1_2_x86_64.whl", hash = "sha256:41f52156e246f80202c6d4744f1a9ef749c41d93567773f84b1ce7f3ec8aae2c"},
    {file = "dependency_injector-4.46.0-cp37-cp37m-win32.whl", hash = "sha256:2b1ad9a521d7749784705ddf2001d5e12c1bf846f7e9625cf43753de13307994"},
    {file = "dependency_injector-4.46.0-cp37-cp37m-win_amd64.whl", hash = "sha256:87c9c7e8e5f1d8cbe5d81cf43377a4c0c6e147e1f130bfd3ede0ac35676da959"},
    {file = "dependency_injector-4.46.0-cp38-cp38-macosx_11_0_arm64.whl", hash = "sha256:dd16992f7722475da2463b7714aeec69b73d34739fc8f0f50241fb5e3246a6ca"},
    {file = "dependency_injector-4.46.0-cp38-cp38-manylinux_2_17_aarch64.manylinux2014_aarch64.whl", hash = "sha256:39b38bdcb93f179a062a5516f76af693a958954ebb23a2dc82d68e1aa2954c5c"},
    {file = "dependency_injector-4.46.0-cp38-cp38-manylinux_2_17_x86_64.manylinux2014_x86_64.whl", hash = "sha256:a8fa58596a9a0b0229fb359a2eb27a16457cb1f6b7ec5454f35aff15fd019d65"},
    {file = "dependency_injector-4.46.0-cp38-cp38-manylinux_2_5_i686.manylinux1_i686.manylinux_2_17_i686.manylinux2014_i686.whl", hash = "sha256:0054281f382fbb56afa7d00d18538de7556c2e92ce1f02ee33f0c7d58dd78e69"},
    {file = "dependency_injector-4.46.0-cp38-cp38-musllinux_1_2_aarch64.whl", hash = "sha256:a3f4452fe83f2ff81b1dc80d8365f9ce6009a4c9ee97fa01634ed10d03b51fd4"},
    {file = "dependency_injector-4.46.0-cp38-cp38-musllinux_1_2_i686.whl", hash = "sha256:91c1f0a7718741fa6554fca38fd9e4410f4e18a4e16656a2f300cc9a011b32ea"},
    {file = "dependency_injector-4.46.0-cp38-cp38-musllinux_1_2_x86_64.whl", hash = "sha256:8da654adfd808662f0124bbd23bce4fdc5a5da8528d9f0e8eb47e7dfd2da566c"},
    {file = "dependency_injector-4.46.0-cp38-cp38-win32.whl", hash = "sha256:76e53b6a9abfae2c469c673acb8109a3e473fe9ff5d62c90bb7399623665b9fd"},
    {file = "dependency_injector-4.46.0-cp38-cp38-win_amd64.whl", hash = "sha256:4012ace93ed2aa0e2b036e4dd4a1f226f82cb9ef0e89a1c681202115a2f029f2"},
    {file = "dependency_injector-4.46.0-cp39-cp39-macosx_11_0_arm64.whl", hash = "sha256:508d0eec2852f2b3aa0b1bbbff7c67f24708303ea5f2f22b2bbaf368101329ab"},
    {file = "dependency_injector-4.46.0-cp39-cp39-manylinux_2_17_aarch64.manylinux2014_aarch64.whl", hash = "sha256:36da9bf196376f8211fad1824709b44bc2b52979e45e0c4df300487d813bb8e3"},
    {file = "dependency_injector-4.46.0-cp39-cp39-manylinux_2_17_x86_64.manylinux2014_x86_64.whl", hash = "sha256:4115b73c30dbd02ad331b06230da0309f041b77d2250fe964c13ff24e5c34831"},
    {file = "dependency_injector-4.46.0-cp39-cp39-manylinux_2_5_i686.manylinux1_i686.manylinux_2_17_i686.manylinux2014_i686.whl", hash = "sha256:c4c7ed0b52544f8743dde1a174d4336bf1e5bf9e5094ab3dc165626aaf800900"},
    {file = "dependency_injector-4.46.0-cp39-cp39-musllinux_1_2_aarch64.whl", hash = "sha256:cfba20e3625be2f3ac4740201cc0572deb025519d7d0005154b50b775e4d1cee"},
    {file = "dependency_injector-4.46.0-cp39-cp39-musllinux_1_2_i686.whl", hash = "sha256:282be89e0aba01966eaeb813c99d9f732fdae6b93c8e2751d8fab97926367ee3"},
    {file = "dependency_injector-4.46.0-cp39-cp39-musllinux_1_2_x86_64.whl", hash = "sha256:14637add447ef316b104b62e89005b02fff7605ca87ff38d0d97180ef312171d"},
    {file = "dependency_injector-4.46.0-cp39-cp39-win32.whl", hash = "sha256:19c93ef17fac94e5087a942400c917a3537a2517200d7075c58b7e76b97a709e"},
    {file = "dependency_injector-4.46.0-cp39-cp39-win_amd64.whl", hash = "sha256:fb82dedebb78944cb478d46fe2623c6410cffe2d609823ccb0249ecc9b443db9"},
    {file = "dependency_injector-4.46.0-pp310-pypy310_pp73-macosx_11_0_arm64.whl", hash = "sha256:25c86af02d74e160317143f563544d36e0bf8dbf6f622730b8376b89a3679b94"},
    {file = "dependency_injector-4.46.0-pp310-pypy310_pp73-manylinux_2_17_aarch64.manylinux2014_aarch64.whl", hash = "sha256:58c4470feb0a5b13cfe7eb935b5a0d32443a1fa34c4387a1104bd333ff4a604b"},
    {file = "dependency_injector-4.46.0-pp310-pypy310_pp73-manylinux_2_5_i686.manylinux1_i686.manylinux_2_17_i686.manylinux2014_i686.whl", hash = "sha256:c37cd4365dd22e059dea94bb3ff428f6bd21d413f3cf636c21cf96134e3e3149"},
    {file = "dependency_injector-4.46.0-pp310-pypy310_pp73-manylinux_2_5_x86_64.manylinux1_x86_64.manylinux_2_17_x86_64.manylinux2014_x86_64.whl", hash = "sha256:6700af6573d16d726da14daaa4eef37fc09c1fab904100f87be2a23c01e67b6f"},
    {file = "dependency_injector-4.46.0-pp310-pypy310_pp73-win_amd64.whl", hash = "sha256:bcb7af077f439d8e9c4fe45d5cdb19169b7d42dd165040dc92a4c209fc9193e9"},
    {file = "dependency_injector-4.46.0-pp37-pypy37_pp73-manylinux_2_17_aarch64.manylinux2014_aarch64.whl", hash = "sha256:5e29181e38275faece0f4c0456151b4a8c598e87715424f5e04cad988fb08d0a"},
    {file = "dependency_injector-4.46.0-pp37-pypy37_pp73-manylinux_2_5_i686.manylinux1_i686.manylinux_2_17_i686.manylinux2014_i686.whl", hash = "sha256:32c3af8bc520e72900742975c48d60f3cbc9d6ac5d37996f76d32fc3c42043e8"},
    {file = "dependency_injector-4.46.0-pp37-pypy37_pp73-manylinux_2_5_x86_64.manylinux1_x86_64.manylinux_2_17_x86_64.manylinux2014_x86_64.whl", hash = "sha256:95b6d858d587b62b7713c5169754326dadb61d0aed7ce3bc8efae55451ada38a"},
    {file = "dependency_injector-4.46.0-pp37-pypy37_pp73-win_amd64.whl", hash = "sha256:e47dce37af6760bb901ba70d1502ddb679f28ed2f1d907c5da04e8bdb09aff1d"},
    {file = "dependency_injector-4.46.0-pp38-pypy38_pp73-macosx_11_0_arm64.whl", hash = "sha256:5836f5eee3bb68f07e5dd419e0cfb2a13095063ca9f403781f9e60377559b9c7"},
    {file = "dependency_injector-4.46.0-pp38-pypy38_pp73-manylinux_2_17_aarch64.manylinux2014_aarch64.whl", hash = "sha256:662d0a68fec342e19e75faccccb46915f43584e989088607b4ae87ada178f32b"},
    {file = "dependency_injector-4.46.0-pp38-pypy38_pp73-manylinux_2_5_i686.manylinux1_i686.manylinux_2_17_i686.manylinux2014_i686.whl", hash = "sha256:9993cfdf7b18c749e7bd4c77f40029700c608fb6d6ac8205cff4537c6f22be6c"},
    {file = "dependency_injector-4.46.0-pp38-pypy38_pp73-manylinux_2_5_x86_64.manylinux1_x86_64.manylinux_2_17_x86_64.manylinux2014_x86_64.whl", hash = "sha256:931c8b106e5c587b4310dc61afeb928d55ca724428dd355be19d66b4c27b09e2"},
    {file = "dependency_injector-4.46.0-pp38-pypy38_pp73-win_amd64.whl", hash = "sha256:f8c307c06f4e0921cf8f4df6a86a3e5bb24abf0cc3dfae3b430f968f11bc8345"},
    {file = "dependency_injector-4.46.0-pp39-pypy39_pp73-macosx_11_0_arm64.whl", hash = "sha256:816daa1949157746f72427ff1bdf2875b8512a7184398f0ad3c1b99b110f3936"},
    {file = "dependency_injector-4.46.0-pp39-pypy39_pp73-manylinux_2_17_aarch64.manylinux2014_aarch64.whl", hash = "sha256:6a7918819d0bc2e77d89bf1032aa143af3e4b31934f13de10b2e22a868027383"},
    {file = "dependency_injector-4.46.0-pp39-pypy39_pp73-manylinux_2_5_i686.manylinux1_i686.manylinux_2_17_i686.manylinux2014_i686.whl", hash = "sha256:5d6d297f7b0cab76bc1a215ec04241c6e4890a6bb5b2fb990dbe33991fb7ecd9"},
    {file = "dependency_injector-4.46.0-pp39-pypy39_pp73-manylinux_2_5_x86_64.manylinux1_x86_64.manylinux_2_17_x86_64.manylinux2014_x86_64.whl", hash = "sha256:2a3bdf57c786e1a09c0ec34c3200b62a7feab36b7a13f0d3747b637d68f88aac"},
    {file = "dependency_injector-4.46.0-pp39-pypy39_pp73-win_amd64.whl", hash = "sha256:0f9dfdb15590289193623c1d4c763fb26768f61b3f729192480f85da27e6d0f5"},
    {file = "dependency_injector-4.46.0.tar.gz", hash = "sha256:14da7974b0a749e4f7616247e8adcbaf86556989084958b08f66e782e8e14edf"},
]

[package.extras]
aiohttp = ["aiohttp"]
flask = ["flask"]
pydantic = ["pydantic"]
pydantic2 = ["pydantic-settings"]
yaml = ["pyyaml"]

[metadata]
lock-version = "2.1"
python-versions = "^3.9"
content-hash = "4f3314a98af8b2ebcc45ea78670de54a458f457ad5381288729907a58194c11c"
